// !$*UTF8*$!
{
	archiveVersion = 1;
	classes = {
	};
	objectVersion = 46;
	objects = {

/* Begin PBXBuildFile section */
		343B5C9419904C7400EE53B3 /* TestGraph.c++ in Sources */ = {isa = PBXBuildFile; fileRef = 343B5C9219904C7400EE53B3 /* TestGraph.c++ */; };
		343B5C9619904CDA00EE53B3 /* makefile in Sources */ = {isa = PBXBuildFile; fileRef = 343B5C9519904CDA00EE53B3 /* makefile */; };
/* End PBXBuildFile section */

/* Begin PBXCopyFilesBuildPhase section */
		3400F95419904C4400044E2C /* CopyFiles */ = {
			isa = PBXCopyFilesBuildPhase;
			buildActionMask = 2147483647;
			dstPath = /usr/share/man/man1/;
			dstSubfolderSpec = 0;
			files = (
			);
			runOnlyForDeploymentPostprocessing = 1;
		};
/* End PBXCopyFilesBuildPhase section */

/* Begin PBXFileReference section */
		343B5C8F19904C6E00EE53B3 /* cs378-graph */ = {isa = PBXFileReference; explicitFileType = "compiled.mach-o.executable"; includeInIndex = 0; name = "cs378-graph"; path = "/Users/taylor/Desktop/cs378/project5/private/build/Debug/cs378-graph"; sourceTree = "<absolute>"; };
		343B5C9019904C7400EE53B3 /* Graph.h */ = {isa = PBXFileReference; fileEncoding = 4; lastKnownFileType = sourcecode.c.h; path = Graph.h; sourceTree = "<group>"; };
		343B5C9119904C7400EE53B3 /* README.md */ = {isa = PBXFileReference; fileEncoding = 4; lastKnownFileType = text; path = README.md; sourceTree = "<group>"; };
		343B5C9219904C7400EE53B3 /* TestGraph.c++ */ = {isa = PBXFileReference; fileEncoding = 4; lastKnownFileType = sourcecode.cpp.cpp; path = "TestGraph.c++"; sourceTree = "<group>"; };
		343B5C9319904C7400EE53B3 /* TestGraph.sample.out */ = {isa = PBXFileReference; fileEncoding = 4; lastKnownFileType = text; path = TestGraph.sample.out; sourceTree = "<group>"; };
		343B5C9519904CDA00EE53B3 /* makefile */ = {isa = PBXFileReference; fileEncoding = 4; lastKnownFileType = sourcecode.make; path = makefile; sourceTree = "<group>"; };
/* End PBXFileReference section */

/* Begin PBXFrameworksBuildPhase section */
		3400F95319904C4400044E2C /* Frameworks */ = {
			isa = PBXFrameworksBuildPhase;
			buildActionMask = 2147483647;
			files = (
			);
			runOnlyForDeploymentPostprocessing = 0;
		};
/* End PBXFrameworksBuildPhase section */

/* Begin PBXGroup section */
		3400F94D19904C4400044E2C = {
			isa = PBXGroup;
			children = (
				343B5C9019904C7400EE53B3 /* Graph.h */,
				343B5C9119904C7400EE53B3 /* README.md */,
				343B5C9219904C7400EE53B3 /* TestGraph.c++ */,
				343B5C9319904C7400EE53B3 /* TestGraph.sample.out */,
				343B5C9519904CDA00EE53B3 /* makefile */,
			);
			sourceTree = "<group>";
		};
/* End PBXGroup section */

/* Begin PBXNativeTarget section */
		3400F95519904C4400044E2C /* cs378-graph */ = {
			isa = PBXNativeTarget;
			buildConfigurationList = 3400F95F19904C4500044E2C /* Build configuration list for PBXNativeTarget "cs378-graph" */;
			buildPhases = (
				3400F95219904C4400044E2C /* Sources */,
				3400F95319904C4400044E2C /* Frameworks */,
				3400F95419904C4400044E2C /* CopyFiles */,
			);
			buildRules = (
			);
			dependencies = (
			);
			name = "cs378-graph";
			productName = "cs378-graph";
			productReference = 343B5C8F19904C6E00EE53B3 /* cs378-graph */;
			productType = "com.apple.product-type.tool";
		};
/* End PBXNativeTarget section */

/* Begin PBXProject section */
		3400F94E19904C4400044E2C /* Project object */ = {
			isa = PBXProject;
			attributes = {
				LastUpgradeCheck = 0510;
				ORGANIZATIONNAME = taylor;
			};
			buildConfigurationList = 3400F95119904C4400044E2C /* Build configuration list for PBXProject "cs378-graph" */;
			compatibilityVersion = "Xcode 3.2";
			developmentRegion = English;
			hasScannedForEncodings = 0;
			knownRegions = (
				en,
			);
			mainGroup = 3400F94D19904C4400044E2C;
			productRefGroup = 3400F94D19904C4400044E2C;
			projectDirPath = "";
			projectRoot = "";
			targets = (
				3400F95519904C4400044E2C /* cs378-graph */,
			);
		};
/* End PBXProject section */

/* Begin PBXSourcesBuildPhase section */
		3400F95219904C4400044E2C /* Sources */ = {
			isa = PBXSourcesBuildPhase;
			buildActionMask = 2147483647;
			files = (
				343B5C9619904CDA00EE53B3 /* makefile in Sources */,
				343B5C9419904C7400EE53B3 /* TestGraph.c++ in Sources */,
			);
			runOnlyForDeploymentPostprocessing = 0;
		};
/* End PBXSourcesBuildPhase section */

/* Begin XCBuildConfiguration section */
		3400F95D19904C4500044E2C /* Debug */ = {
			isa = XCBuildConfiguration;
			buildSettings = {
				ALWAYS_SEARCH_USER_PATHS = NO;
				CLANG_CXX_LANGUAGE_STANDARD = "gnu++0x";
				CLANG_CXX_LIBRARY = "libc++";
				CLANG_ENABLE_MODULES = YES;
				CLANG_ENABLE_OBJC_ARC = YES;
				CLANG_WARN_BOOL_CONVERSION = YES;
				CLANG_WARN_CONSTANT_CONVERSION = YES;
				CLANG_WARN_DIRECT_OBJC_ISA_USAGE = YES_ERROR;
				CLANG_WARN_EMPTY_BODY = YES;
				CLANG_WARN_ENUM_CONVERSION = YES;
				CLANG_WARN_INT_CONVERSION = YES;
				CLANG_WARN_OBJC_ROOT_CLASS = YES_ERROR;
				CLANG_WARN__DUPLICATE_METHOD_MATCH = YES;
				COPY_PHASE_STRIP = NO;
				GCC_C_LANGUAGE_STANDARD = gnu99;
				GCC_DYNAMIC_NO_PIC = NO;
				GCC_ENABLE_OBJC_EXCEPTIONS = YES;
				GCC_OPTIMIZATION_LEVEL = 0;
				GCC_PREPROCESSOR_DEFINITIONS = (
					"DEBUG=1",
					"$(inherited)",
				);
				GCC_SYMBOLS_PRIVATE_EXTERN = NO;
				GCC_WARN_64_TO_32_BIT_CONVERSION = YES;
				GCC_WARN_ABOUT_RETURN_TYPE = YES_ERROR;
				GCC_WARN_UNDECLARED_SELECTOR = YES;
				GCC_WARN_UNINITIALIZED_AUTOS = YES_AGGRESSIVE;
				GCC_WARN_UNUSED_FUNCTION = YES;
				GCC_WARN_UNUSED_VARIABLE = YES;
				MACOSX_DEPLOYMENT_TARGET = 10.9;
				ONLY_ACTIVE_ARCH = YES;
				SDKROOT = macosx;
			};
			name = Debug;
		};
		3400F95E19904C4500044E2C /* Release */ = {
			isa = XCBuildConfiguration;
			buildSettings = {
				ALWAYS_SEARCH_USER_PATHS = NO;
				CLANG_CXX_LANGUAGE_STANDARD = "gnu++0x";
				CLANG_CXX_LIBRARY = "libc++";
				CLANG_ENABLE_MODULES = YES;
				CLANG_ENABLE_OBJC_ARC = YES;
				CLANG_WARN_BOOL_CONVERSION = YES;
				CLANG_WARN_CONSTANT_CONVERSION = YES;
				CLANG_WARN_DIRECT_OBJC_ISA_USAGE = YES_ERROR;
				CLANG_WARN_EMPTY_BODY = YES;
				CLANG_WARN_ENUM_CONVERSION = YES;
				CLANG_WARN_INT_CONVERSION = YES;
				CLANG_WARN_OBJC_ROOT_CLASS = YES_ERROR;
				CLANG_WARN__DUPLICATE_METHOD_MATCH = YES;
				COPY_PHASE_STRIP = YES;
				DEBUG_INFORMATION_FORMAT = "dwarf-with-dsym";
				ENABLE_NS_ASSERTIONS = NO;
				GCC_C_LANGUAGE_STANDARD = gnu99;
				GCC_ENABLE_OBJC_EXCEPTIONS = YES;
				GCC_WARN_64_TO_32_BIT_CONVERSION = YES;
				GCC_WARN_ABOUT_RETURN_TYPE = YES_ERROR;
				GCC_WARN_UNDECLARED_SELECTOR = YES;
				GCC_WARN_UNINITIALIZED_AUTOS = YES_AGGRESSIVE;
				GCC_WARN_UNUSED_FUNCTION = YES;
				GCC_WARN_UNUSED_VARIABLE = YES;
				MACOSX_DEPLOYMENT_TARGET = 10.9;
				SDKROOT = macosx;
			};
			name = Release;
		};
		3400F96019904C4500044E2C /* Debug */ = {
			isa = XCBuildConfiguration;
			buildSettings = {
				PRODUCT_NAME = "$(TARGET_NAME)";
			};
			name = Debug;
		};
		3400F96119904C4500044E2C /* Release */ = {
			isa = XCBuildConfiguration;
			buildSettings = {
				PRODUCT_NAME = "$(TARGET_NAME)";
			};
			name = Release;
		};
/* End XCBuildConfiguration section */

/* Begin XCConfigurationList section */
		3400F95119904C4400044E2C /* Build configuration list for PBXProject "cs378-graph" */ = {
			isa = XCConfigurationList;
			buildConfigurations = (
				3400F95D19904C4500044E2C /* Debug */,
				3400F95E19904C4500044E2C /* Release */,
			);
			defaultConfigurationIsVisible = 0;
			defaultConfigurationName = Release;
		};
		3400F95F19904C4500044E2C /* Build configuration list for PBXNativeTarget "cs378-graph" */ = {
			isa = XCConfigurationList;
			buildConfigurations = (
				3400F96019904C4500044E2C /* Debug */,
				3400F96119904C4500044E2C /* Release */,
			);
			defaultConfigurationIsVisible = 0;
			defaultConfigurationName = Release;
		};
/* End XCConfigurationList section */
	};
	rootObject = 3400F94E19904C4400044E2C /* Project object */;
}
